
Microsoft Visual Studio Solution File, Format Version 12.00
# Visual Studio 15
VisualStudioVersion = 15.0.27130.2024
MinimumVisualStudioVersion = 10.0.40219.1
Project("{FAE04EC0-301F-11D3-BF4B-00C04F79EFBC}") = "PiTUNG", "PiTUNG.csproj", "{B8290F93-588E-468A-9735-4C07B0D1B2A9}"
EndProject
Global
	GlobalSection(SolutionConfigurationPlatforms) = preSolution
		Debug|Any CPU = Debug|Any CPU
		Release|Any CPU = Release|Any CPU
	EndGlobalSection
	GlobalSection(ProjectConfigurationPlatforms) = postSolution
		{B8290F93-588E-468A-9735-4C07B0D1B2A9}.Debug|Any CPU.ActiveCfg = Debug|Any CPU
		{B8290F93-588E-468A-9735-4C07B0D1B2A9}.Debug|Any CPU.Build.0 = Debug|Any CPU
		{B8290F93-588E-468A-9735-4C07B0D1B2A9}.Release|Any CPU.ActiveCfg = Release|Any CPU
		{B8290F93-588E-468A-9735-4C07B0D1B2A9}.Release|Any CPU.Build.0 = Release|Any CPU
	EndGlobalSection
	GlobalSection(SolutionProperties) = preSolution
		HideSolutionNode = FALSE
	EndGlobalSection
	GlobalSection(ExtensibilityGlobals) = postSolution
		SolutionGuid = {A2CF7C25-EB9E-42C9-9D11-91B3E1666D04}
	EndGlobalSection
EndGlobal
